
Microsoft Visual Studio Solution File, Format Version 12.00
# Visual Studio Version 16
VisualStudioVersion = 16.0.29123.89
MinimumVisualStudioVersion = 10.0.40219.1
Project("{9A19103F-16F7-4668-BE54-9A1E7A4F7556}") = "Foster.Framework", "..\..\Framework\Foster.Framework.csproj", "{1558902F-E790-42A5-AD40-ECDAC648ED59}"
EndProject
Project("{9A19103F-16F7-4668-BE54-9A1E7A4F7556}") = "Foster.Gui", "..\..\Gui\Foster.Gui.csproj", "{80A2B35C-8453-491D-B481-F44C660B421E}"
EndProject
Project("{9A19103F-16F7-4668-BE54-9A1E7A4F7556}") = "Foster.Editor", "Foster.Editor.csproj", "{807697E0-F5B2-4F49-9D4E-B603A710B1C1}"
EndProject
Project("{9A19103F-16F7-4668-BE54-9A1E7A4F7556}") = "Foster.OpenGL", "..\..\Platforms\OpenGL\Foster.OpenGL.csproj", "{B22BD1FA-FC8C-469B-B654-FB7CE09A6475}"
EndProject
Project("{9A19103F-16F7-4668-BE54-9A1E7A4F7556}") = "Foster.GLFW", "..\..\Platforms\GLFW\Foster.GLFW.csproj", "{53B11F12-A6D8-4AD3-9380-4ABBEF585A22}"
EndProject
Project("{9A19103F-16F7-4668-BE54-9A1E7A4F7556}") = "Foster.Engine", "..\Engine\Foster.Engine.csproj", "{2A13B49D-2467-4A29-A729-A89B04C7CD52}"
EndProject
Project("{FAE04EC0-301F-11D3-BF4B-00C04F79EFBC}") = "Foster.Vulkan", "..\..\Platforms\Vulkan\Foster.Vulkan.csproj", "{D4516375-5158-4F5F-B810-31C7FF948BD9}"
EndProject
Global
	GlobalSection(SolutionConfigurationPlatforms) = preSolution
		Debug|Any CPU = Debug|Any CPU
		Release|Any CPU = Release|Any CPU
	EndGlobalSection
	GlobalSection(ProjectConfigurationPlatforms) = postSolution
		{1558902F-E790-42A5-AD40-ECDAC648ED59}.Debug|Any CPU.ActiveCfg = Debug|Any CPU
		{1558902F-E790-42A5-AD40-ECDAC648ED59}.Debug|Any CPU.Build.0 = Debug|Any CPU
		{1558902F-E790-42A5-AD40-ECDAC648ED59}.Release|Any CPU.ActiveCfg = Release|Any CPU
		{1558902F-E790-42A5-AD40-ECDAC648ED59}.Release|Any CPU.Build.0 = Release|Any CPU
		{80A2B35C-8453-491D-B481-F44C660B421E}.Debug|Any CPU.ActiveCfg = Debug|Any CPU
		{80A2B35C-8453-491D-B481-F44C660B421E}.Debug|Any CPU.Build.0 = Debug|Any CPU
		{80A2B35C-8453-491D-B481-F44C660B421E}.Release|Any CPU.ActiveCfg = Release|Any CPU
		{80A2B35C-8453-491D-B481-F44C660B421E}.Release|Any CPU.Build.0 = Release|Any CPU
		{807697E0-F5B2-4F49-9D4E-B603A710B1C1}.Debug|Any CPU.ActiveCfg = Debug|Any CPU
		{807697E0-F5B2-4F49-9D4E-B603A710B1C1}.Debug|Any CPU.Build.0 = Debug|Any CPU
		{807697E0-F5B2-4F49-9D4E-B603A710B1C1}.Release|Any CPU.ActiveCfg = Release|Any CPU
		{807697E0-F5B2-4F49-9D4E-B603A710B1C1}.Release|Any CPU.Build.0 = Release|Any CPU
		{B22BD1FA-FC8C-469B-B654-FB7CE09A6475}.Debug|Any CPU.ActiveCfg = Debug|Any CPU
		{B22BD1FA-FC8C-469B-B654-FB7CE09A6475}.Debug|Any CPU.Build.0 = Debug|Any CPU
		{B22BD1FA-FC8C-469B-B654-FB7CE09A6475}.Release|Any CPU.ActiveCfg = Release|Any CPU
		{B22BD1FA-FC8C-469B-B654-FB7CE09A6475}.Release|Any CPU.Build.0 = Release|Any CPU
		{53B11F12-A6D8-4AD3-9380-4ABBEF585A22}.Debug|Any CPU.ActiveCfg = Debug|Any CPU
		{53B11F12-A6D8-4AD3-9380-4ABBEF585A22}.Debug|Any CPU.Build.0 = Debug|Any CPU
		{53B11F12-A6D8-4AD3-9380-4ABBEF585A22}.Release|Any CPU.ActiveCfg = Release|Any CPU
		{53B11F12-A6D8-4AD3-9380-4ABBEF585A22}.Release|Any CPU.Build.0 = Release|Any CPU
		{2A13B49D-2467-4A29-A729-A89B04C7CD52}.Debug|Any CPU.ActiveCfg = Debug|Any CPU
		{2A13B49D-2467-4A29-A729-A89B04C7CD52}.Debug|Any CPU.Build.0 = Debug|Any CPU
		{2A13B49D-2467-4A29-A729-A89B04C7CD52}.Release|Any CPU.ActiveCfg = Release|Any CPU
		{2A13B49D-2467-4A29-A729-A89B04C7CD52}.Release|Any CPU.Build.0 = Release|Any CPU
		{D4516375-5158-4F5F-B810-31C7FF948BD9}.Debug|Any CPU.ActiveCfg = Debug|Any CPU
		{D4516375-5158-4F5F-B810-31C7FF948BD9}.Debug|Any CPU.Build.0 = Debug|Any CPU
		{D4516375-5158-4F5F-B810-31C7FF948BD9}.Release|Any CPU.ActiveCfg = Release|Any CPU
		{D4516375-5158-4F5F-B810-31C7FF948BD9}.Release|Any CPU.Build.0 = Release|Any CPU
	EndGlobalSection
	GlobalSection(SolutionProperties) = preSolution
		HideSolutionNode = FALSE
	EndGlobalSection
	GlobalSection(ExtensibilityGlobals) = postSolution
		SolutionGuid = {522A9FEC-9819-4912-AB23-9891A59283DE}
	EndGlobalSection
EndGlobal
